// !$*UTF8*$!
{
	archiveVersion = 1;
	classes = {
	};
	objectVersion = 50;
	objects = {

/* Begin PBXBuildFile section */
		7B55EEB723C4744300E1580E /* AppDelegate.swift in Sources */ = {isa = PBXBuildFile; fileRef = 7B55EEB623C4744300E1580E /* AppDelegate.swift */; };
		7B55EEB923C4744300E1580E /* SceneDelegate.swift in Sources */ = {isa = PBXBuildFile; fileRef = 7B55EEB823C4744300E1580E /* SceneDelegate.swift */; };
		7B55EEBB23C4744300E1580E /* ViewController.swift in Sources */ = {isa = PBXBuildFile; fileRef = 7B55EEBA23C4744300E1580E /* ViewController.swift */; };
		7B55EEBE23C4744300E1580E /* Main.storyboard in Resources */ = {isa = PBXBuildFile; fileRef = 7B55EEBC23C4744300E1580E /* Main.storyboard */; };
		7B55EEC023C4744400E1580E /* Assets.xcassets in Resources */ = {isa = PBXBuildFile; fileRef = 7B55EEBF23C4744400E1580E /* Assets.xcassets */; };
		7B55EEC323C4744400E1580E /* LaunchScreen.storyboard in Resources */ = {isa = PBXBuildFile; fileRef = 7B55EEC123C4744400E1580E /* LaunchScreen.storyboard */; };
		D4C6ACF07548325A39A2AC7F /* Pods_XHBase_Example.framework in Frameworks */ = {isa = PBXBuildFile; fileRef = 7AA72D8911CDA4E033294AD1 /* Pods_XHBase_Example.framework */; };
/* End PBXBuildFile section */

/* Begin PBXFileReference section */
		7AA72D8911CDA4E033294AD1 /* Pods_XHBase_Example.framework */ = {isa = PBXFileReference; explicitFileType = wrapper.framework; includeInIndex = 0; path = Pods_XHBase_Example.framework; sourceTree = BUILT_PRODUCTS_DIR; };
		7B55EEB323C4744300E1580E /* XHBase-Example.app */ = {isa = PBXFileReference; explicitFileType = wrapper.application; includeInIndex = 0; path = "XHBase-Example.app"; sourceTree = BUILT_PRODUCTS_DIR; };
		7B55EEB623C4744300E1580E /* AppDelegate.swift */ = {isa = PBXFileReference; lastKnownFileType = sourcecode.swift; path = AppDelegate.swift; sourceTree = "<group>"; };
		7B55EEB823C4744300E1580E /* SceneDelegate.swift */ = {isa = PBXFileReference; lastKnownFileType = sourcecode.swift; path = SceneDelegate.swift; sourceTree = "<group>"; };
		7B55EEBA23C4744300E1580E /* ViewController.swift */ = {isa = PBXFileReference; lastKnownFileType = sourcecode.swift; path = ViewController.swift; sourceTree = "<group>"; };
		7B55EEBD23C4744300E1580E /* Base */ = {isa = PBXFileReference; lastKnownFileType = file.storyboard; name = Base; path = Base.lproj/Main.storyboard; sourceTree = "<group>"; };
		7B55EEBF23C4744400E1580E /* Assets.xcassets */ = {isa = PBXFileReference; lastKnownFileType = folder.assetcatalog; path = Assets.xcassets; sourceTree = "<group>"; };
		7B55EEC223C4744400E1580E /* Base */ = {isa = PBXFileReference; lastKnownFileType = file.storyboard; name = Base; path = Base.lproj/LaunchScreen.storyboard; sourceTree = "<group>"; };
		7B55EEC423C4744400E1580E /* Info.plist */ = {isa = PBXFileReference; lastKnownFileType = text.plist.xml; path = Info.plist; sourceTree = "<group>"; };
		87F7999CDF393B675AA25AF8 /* Pods-XHBase-Example.debug.xcconfig */ = {isa = PBXFileReference; includeInIndex = 1; lastKnownFileType = text.xcconfig; name = "Pods-XHBase-Example.debug.xcconfig"; path = "Target Support Files/Pods-XHBase-Example/Pods-XHBase-Example.debug.xcconfig"; sourceTree = "<group>"; };
		C7051B9F33E73E41E12BB9CF /* Pods-XHBase-Example.release.xcconfig */ = {isa = PBXFileReference; includeInIndex = 1; lastKnownFileType = text.xcconfig; name = "Pods-XHBase-Example.release.xcconfig"; path = "Target Support Files/Pods-XHBase-Example/Pods-XHBase-Example.release.xcconfig"; sourceTree = "<group>"; };
/* End PBXFileReference section */

/* Begin PBXFrameworksBuildPhase section */
		7B55EEB023C4744300E1580E /* Frameworks */ = {
			isa = PBXFrameworksBuildPhase;
			buildActionMask = 2147483647;
			files = (
				D4C6ACF07548325A39A2AC7F /* Pods_XHBase_Example.framework in Frameworks */,
			);
			runOnlyForDeploymentPostprocessing = 0;
		};
/* End PBXFrameworksBuildPhase section */

/* Begin PBXGroup section */
		21E8C99535BD9C5879791D91 /* Frameworks */ = {
			isa = PBXGroup;
			children = (
				7AA72D8911CDA4E033294AD1 /* Pods_XHBase_Example.framework */,
			);
			name = Frameworks;
			sourceTree = "<group>";
		};
		707FD85994D975994D751AEB /* Pods */ = {
			isa = PBXGroup;
			children = (
				87F7999CDF393B675AA25AF8 /* Pods-XHBase-Example.debug.xcconfig */,
				C7051B9F33E73E41E12BB9CF /* Pods-XHBase-Example.release.xcconfig */,
			);
			name = Pods;
			path = ../Pods;
			sourceTree = "<group>";
		};
		7B55EEAA23C4744300E1580E = {
			isa = PBXGroup;
			children = (
				7B55EEB523C4744300E1580E /* XHBase-Example */,
				7B55EEB423C4744300E1580E /* Products */,
				707FD85994D975994D751AEB /* Pods */,
				21E8C99535BD9C5879791D91 /* Frameworks */,
			);
			sourceTree = "<group>";
		};
		7B55EEB423C4744300E1580E /* Products */ = {
			isa = PBXGroup;
			children = (
				7B55EEB323C4744300E1580E /* XHBase-Example.app */,
			);
			name = Products;
			sourceTree = "<group>";
		};
		7B55EEB523C4744300E1580E /* XHBase-Example */ = {
			isa = PBXGroup;
			children = (
				7B55EEB623C4744300E1580E /* AppDelegate.swift */,
				7B55EEB823C4744300E1580E /* SceneDelegate.swift */,
				7B55EEBA23C4744300E1580E /* ViewController.swift */,
				7B55EEBC23C4744300E1580E /* Main.storyboard */,
				7B55EEBF23C4744400E1580E /* Assets.xcassets */,
				7B55EEC123C4744400E1580E /* LaunchScreen.storyboard */,
				7B55EEC423C4744400E1580E /* Info.plist */,
			);
			path = "XHBase-Example";
			sourceTree = "<group>";
		};
/* End PBXGroup section */

/* Begin PBXNativeTarget section */
		7B55EEB223C4744300E1580E /* XHBase-Example */ = {
			isa = PBXNativeTarget;
			buildConfigurationList = 7B55EEC723C4744400E1580E /* Build configuration list for PBXNativeTarget "XHBase-Example" */;
			buildPhases = (
				8C9BD60B981928BD94C8AD0F /* [CP] Check Pods Manifest.lock */,
				7B55EEAF23C4744300E1580E /* Sources */,
				7B55EEB023C4744300E1580E /* Frameworks */,
				7B55EEB123C4744300E1580E /* Resources */,
				B0BE0B66BC89E76A5A4E11BD /* [CP] Embed Pods Frameworks */,
			);
			buildRules = (
			);
			dependencies = (
			);
			name = "XHBase-Example";
			productName = "XHBase-Example";
			productReference = 7B55EEB323C4744300E1580E /* XHBase-Example.app */;
			productType = "com.apple.product-type.application";
		};
/* End PBXNativeTarget section */

/* Begin PBXProject section */
		7B55EEAB23C4744300E1580E /* Project object */ = {
			isa = PBXProject;
			attributes = {
				LastSwiftUpdateCheck = 1120;
				LastUpgradeCheck = 1120;
				ORGANIZATIONNAME = Xiao;
				TargetAttributes = {
					7B55EEB223C4744300E1580E = {
						CreatedOnToolsVersion = 11.2.1;
					};
				};
			};
			buildConfigurationList = 7B55EEAE23C4744300E1580E /* Build configuration list for PBXProject "XHBase-Example" */;
			compatibilityVersion = "Xcode 9.3";
			developmentRegion = en;
			hasScannedForEncodings = 0;
			knownRegions = (
				en,
				Base,
			);
			mainGroup = 7B55EEAA23C4744300E1580E;
			productRefGroup = 7B55EEB423C4744300E1580E /* Products */;
			projectDirPath = "";
			projectRoot = "";
			targets = (
				7B55EEB223C4744300E1580E /* XHBase-Example */,
			);
		};
/* End PBXProject section */

/* Begin PBXResourcesBuildPhase section */
		7B55EEB123C4744300E1580E /* Resources */ = {
			isa = PBXResourcesBuildPhase;
			buildActionMask = 2147483647;
			files = (
				7B55EEC323C4744400E1580E /* LaunchScreen.storyboard in Resources */,
				7B55EEC023C4744400E1580E /* Assets.xcassets in Resources */,
				7B55EEBE23C4744300E1580E /* Main.storyboard in Resources */,
			);
			runOnlyForDeploymentPostprocessing = 0;
		};
/* End PBXResourcesBuildPhase section */

/* Begin PBXShellScriptBuildPhase section */
		8C9BD60B981928BD94C8AD0F /* [CP] Check Pods Manifest.lock */ = {
			isa = PBXShellScriptBuildPhase;
			buildActionMask = 2147483647;
			files = (
			);
			inputFileListPaths = (
			);
			inputPaths = (
				"${PODS_PODFILE_DIR_PATH}/Podfile.lock",
				"${PODS_ROOT}/Manifest.lock",
			);
			name = "[CP] Check Pods Manifest.lock";
			outputFileListPaths = (
			);
			outputPaths = (
				"$(DERIVED_FILE_DIR)/Pods-XHBase-Example-checkManifestLockResult.txt",
			);
			runOnlyForDeploymentPostprocessing = 0;
			shellPath = /bin/sh;
			shellScript = "diff \"${PODS_PODFILE_DIR_PATH}/Podfile.lock\" \"${PODS_ROOT}/Manifest.lock\" > /dev/null\nif [ $? != 0 ] ; then\n    # print error to STDERR\n    echo \"error: The sandbox is not in sync with the Podfile.lock. Run 'pod install' or update your CocoaPods installation.\" >&2\n    exit 1\nfi\n# This output is used by Xcode 'outputs' to avoid re-running this script phase.\necho \"SUCCESS\" > \"${SCRIPT_OUTPUT_FILE_0}\"\n";
			showEnvVarsInLog = 0;
		};
		B0BE0B66BC89E76A5A4E11BD /* [CP] Embed Pods Frameworks */ = {
			isa = PBXShellScriptBuildPhase;
			buildActionMask = 2147483647;
			files = (
			);
			inputFileListPaths = (
				"${PODS_ROOT}/Target Support Files/Pods-XHBase-Example/Pods-XHBase-Example-frameworks-${CONFIGURATION}-input-files.xcfilelist",
			);
			name = "[CP] Embed Pods Frameworks";
			outputFileListPaths = (
				"${PODS_ROOT}/Target Support Files/Pods-XHBase-Example/Pods-XHBase-Example-frameworks-${CONFIGURATION}-output-files.xcfilelist",
			);
			runOnlyForDeploymentPostprocessing = 0;
			shellPath = /bin/sh;
			shellScript = "\"${PODS_ROOT}/Target Support Files/Pods-XHBase-Example/Pods-XHBase-Example-frameworks.sh\"\n";
			showEnvVarsInLog = 0;
		};
/* End PBXShellScriptBuildPhase section */

/* Begin PBXSourcesBuildPhase section */
		7B55EEAF23C4744300E1580E /* Sources */ = {
			isa = PBXSourcesBuildPhase;
			buildActionMask = 2147483647;
			files = (
				7B55EEBB23C4744300E1580E /* ViewController.swift in Sources */,
				7B55EEB723C4744300E1580E /* AppDelegate.swift in Sources */,
				7B55EEB923C4744300E1580E /* SceneDelegate.swift in Sources */,
			);
			runOnlyForDeploymentPostprocessing = 0;
		};
/* End PBXSourcesBuildPhase section */

/* Begin PBXVariantGroup section */
		7B55EEBC23C4744300E1580E /* Main.storyboard */ = {
			isa = PBXVariantGroup;
			children = (
				7B55EEBD23C4744300E1580E /* Base */,
			);
			name = Main.storyboard;
			sourceTree = "<group>";
		};
		7B55EEC123C4744400E1580E /* LaunchScreen.storyboard */ = {
			isa = PBXVariantGroup;
			children = (
				7B55EEC223C4744400E1580E /* Base */,
			);
			name = LaunchScreen.storyboard;
			sourceTree = "<group>";
		};
/* End PBXVariantGroup section */

/* Begin XCBuildConfiguration section */
		7B55EEC523C4744400E1580E /* Debug */ = {
			isa = XCBuildConfiguration;
			buildSettings = {
				ALWAYS_SEARCH_USER_PATHS = NO;
				CLANG_ANALYZER_NONNULL = YES;
				CLANG_ANALYZER_NUMBER_OBJECT_CONVERSION = YES_AGGRESSIVE;
				CLANG_CXX_LANGUAGE_STANDARD = "gnu++14";
				CLANG_CXX_LIBRARY = "libc++";
				CLANG_ENABLE_MODULES = YES;
				CLANG_ENABLE_OBJC_ARC = YES;
				CLANG_ENABLE_OBJC_WEAK = YES;
				CLANG_WARN_BLOCK_CAPTURE_AUTORELEASING = YES;
				CLANG_WARN_BOOL_CONVERSION = YES;
				CLANG_WARN_COMMA = YES;
				CLANG_WARN_CONSTANT_CONVERSION = YES;
				CLANG_WARN_DEPRECATED_OBJC_IMPLEMENTATIONS = YES;
				CLANG_WARN_DIRECT_OBJC_ISA_USAGE = YES_ERROR;
				CLANG_WARN_DOCUMENTATION_COMMENTS = YES;
				CLANG_WARN_EMPTY_BODY = YES;
				CLANG_WARN_ENUM_CONVERSION = YES;
				CLANG_WARN_INFINITE_RECURSION = YES;
				CLANG_WARN_INT_CONVERSION = YES;
				CLANG_WARN_NON_LITERAL_NULL_CONVERSION = YES;
				CLANG_WARN_OBJC_IMPLICIT_RETAIN_SELF = YES;
				CLANG_WARN_OBJC_LITERAL_CONVERSION = YES;
				CLANG_WARN_OBJC_ROOT_CLASS = YES_ERROR;
				CLANG_WARN_RANGE_LOOP_ANALYSIS = YES;
				CLANG_WARN_STRICT_PROTOTYPES = YES;
				CLANG_WARN_SUSPICIOUS_MOVE = YES;
				CLANG_WARN_UNGUARDED_AVAILABILITY = YES_AGGRESSIVE;
				CLANG_WARN_UNREACHABLE_CODE = YES;
				CLANG_WARN__DUPLICATE_METHOD_MATCH = YES;
				COPY_PHASE_STRIP = NO;
				DEBUG_INFORMATION_FORMAT = dwarf;
				ENABLE_STRICT_OBJC_MSGSEND = YES;
				ENABLE_TESTABILITY = YES;
				GCC_C_LANGUAGE_STANDARD = gnu11;
				GCC_DYNAMIC_NO_PIC = NO;
				GCC_NO_COMMON_BLOCKS = YES;
				GCC_OPTIMIZATION_LEVEL = 0;
				GCC_PREPROCESSOR_DEFINITIONS = (
					"DEBUG=1",
					"$(inherited)",
				);
				GCC_WARN_64_TO_32_BIT_CONVERSION = YES;
				GCC_WARN_ABOUT_RETURN_TYPE = YES_ERROR;
				GCC_WARN_UNDECLARED_SELECTOR = YES;
				GCC_WARN_UNINITIALIZED_AUTOS = YES_AGGRESSIVE;
				GCC_WARN_UNUSED_FUNCTION = YES;
				GCC_WARN_UNUSED_VARIABLE = YES;
				IPHONEOS_DEPLOYMENT_TARGET = 13.2;
				MTL_ENABLE_DEBUG_INFO = INCLUDE_SOURCE;
				MTL_FAST_MATH = YES;
				ONLY_ACTIVE_ARCH = YES;
				SDKROOT = iphoneos;
				SWIFT_ACTIVE_COMPILATION_CONDITIONS = DEBUG;
				SWIFT_OPTIMIZATION_LEVEL = "-Onone";
			};
			name = Debug;
		};
		7B55EEC623C4744400E1580E /* Release */ = {
			isa = XCBuildConfiguration;
			buildSettings = {
				ALWAYS_SEARCH_USER_PATHS = NO;
				CLANG_ANALYZER_NONNULL = YES;
				CLANG_ANALYZER_NUMBER_OBJECT_CONVERSION = YES_AGGRESSIVE;
				CLANG_CXX_LANGUAGE_STANDARD = "gnu++14";
				CLANG_CXX_LIBRARY = "libc++";
				CLANG_ENABLE_MODULES = YES;
				CLANG_ENABLE_OBJC_ARC = YES;
				CLANG_ENABLE_OBJC_WEAK = YES;
				CLANG_WARN_BLOCK_CAPTURE_AUTORELEASING = YES;
				CLANG_WARN_BOOL_CONVERSION = YES;
				CLANG_WARN_COMMA = YES;
				CLANG_WARN_CONSTANT_CONVERSION = YES;
				CLANG_WARN_DEPRECATED_OBJC_IMPLEMENTATIONS = YES;
				CLANG_WARN_DIRECT_OBJC_ISA_USAGE = YES_ERROR;
				CLANG_WARN_DOCUMENTATION_COMMENTS = YES;
				CLANG_WARN_EMPTY_BODY = YES;
				CLANG_WARN_ENUM_CONVERSION = YES;
				CLANG_WARN_INFINITE_RECURSION = YES;
				CLANG_WARN_INT_CONVERSION = YES;
				CLANG_WARN_NON_LITERAL_NULL_CONVERSION = YES;
				CLANG_WARN_OBJC_IMPLICIT_RETAIN_SELF = YES;
				CLANG_WARN_OBJC_LITERAL_CONVERSION = YES;
				CLANG_WARN_OBJC_ROOT_CLASS = YES_ERROR;
				CLANG_WARN_RANGE_LOOP_ANALYSIS = YES;
				CLANG_WARN_STRICT_PROTOTYPES = YES;
				CLANG_WARN_SUSPICIOUS_MOVE = YES;
				CLANG_WARN_UNGUARDED_AVAILABILITY = YES_AGGRESSIVE;
				CLANG_WARN_UNREACHABLE_CODE = YES;
				CLANG_WARN__DUPLICATE_METHOD_MATCH = YES;
				COPY_PHASE_STRIP = NO;
				DEBUG_INFORMATION_FORMAT = "dwarf-with-dsym";
				ENABLE_NS_ASSERTIONS = NO;
				ENABLE_STRICT_OBJC_MSGSEND = YES;
				GCC_C_LANGUAGE_STANDARD = gnu11;
				GCC_NO_COMMON_BLOCKS = YES;
				GCC_WARN_64_TO_32_BIT_CONVERSION = YES;
				GCC_WARN_ABOUT_RETURN_TYPE = YES_ERROR;
				GCC_WARN_UNDECLARED_SELECTOR = YES;
				GCC_WARN_UNINITIALIZED_AUTOS = YES_AGGRESSIVE;
				GCC_WARN_UNUSED_FUNCTION = YES;
				GCC_WARN_UNUSED_VARIABLE = YES;
				IPHONEOS_DEPLOYMENT_TARGET = 13.2;
				MTL_ENABLE_DEBUG_INFO = NO;
				MTL_FAST_MATH = YES;
				SDKROOT = iphoneos;
				SWIFT_COMPILATION_MODE = wholemodule;
				SWIFT_OPTIMIZATION_LEVEL = "-O";
				VALIDATE_PRODUCT = YES;
			};
			name = Release;
		};
		7B55EEC823C4744400E1580E /* Debug */ = {
			isa = XCBuildConfiguration;
			baseConfigurationReference = 87F7999CDF393B675AA25AF8 /* Pods-XHBase-Example.debug.xcconfig */;
			buildSettings = {
				ASSETCATALOG_COMPILER_APPICON_NAME = AppIcon;
				CODE_SIGN_STYLE = Automatic;
				INFOPLIST_FILE = "XHBase-Example/Info.plist";
				LD_RUNPATH_SEARCH_PATHS = (
					"$(inherited)",
					"@executable_path/Frameworks",
				);
				PRODUCT_BUNDLE_IDENTIFIER = "com.xiao.XHBase-Example";
				PRODUCT_NAME = "$(TARGET_NAME)";
				SWIFT_VERSION = 5.0;
				TARGETED_DEVICE_FAMILY = "1,2";
			};
			name = Debug;
		};
		7B55EEC923C4744400E1580E /* Release */ = {
			isa = XCBuildConfiguration;
			baseConfigurationReference = C7051B9F33E73E41E12BB9CF /* Pods-XHBase-Example.release.xcconfig */;
			buildSettings = {
				ASSETCATALOG_COMPILER_APPICON_NAME = AppIcon;
				CODE_SIGN_STYLE = Automatic;
				INFOPLIST_FILE = "XHBase-Example/Info.plist";
				LD_RUNPATH_SEARCH_PATHS = (
					"$(inherited)",
					"@executable_path/Frameworks",
				);
				PRODUCT_BUNDLE_IDENTIFIER = "com.xiao.XHBase-Example";
				PRODUCT_NAME = "$(TARGET_NAME)";
				SWIFT_VERSION = 5.0;
				TARGETED_DEVICE_FAMILY = "1,2";
			};
			name = Release;
		};
/* End XCBuildConfiguration section */

/* Begin XCConfigurationList section */
		7B55EEAE23C4744300E1580E /* Build configuration list for PBXProject "XHBase-Example" */ = {
			isa = XCConfigurationList;
			buildConfigurations = (
				7B55EEC523C4744400E1580E /* Debug */,
				7B55EEC623C4744400E1580E /* Release */,
			);
			defaultConfigurationIsVisible = 0;
			defaultConfigurationName = Release;
		};
		7B55EEC723C4744400E1580E /* Build configuration list for PBXNativeTarget "XHBase-Example" */ = {
			isa = XCConfigurationList;
			buildConfigurations = (
				7B55EEC823C4744400E1580E /* Debug */,
				7B55EEC923C4744400E1580E /* Release */,
			);
			defaultConfigurationIsVisible = 0;
			defaultConfigurationName = Release;
		};
/* End XCConfigurationList section */
	};
	rootObject = 7B55EEAB23C4744300E1580E /* Project object */;
}
